
Microsoft Visual Studio Solution File, Format Version 12.00
# Visual Studio Version 17
VisualStudioVersion = 17.8.34408.163
MinimumVisualStudioVersion = 10.0.40219.1
Project("{9A19103F-16F7-4668-BE54-9A1E7A4F7556}") = "MyBudget.Api", "MyBudget.Api\MyBudget.Api.csproj", "{7A87EAD3-F2DD-466C-92E4-04896116A6BD}"
EndProject
Project("{E53339B2-1760-4266-BCC7-CA923CBCF16C}") = "docker-compose", ".docker\docker-compose.dcproj", "{1D950CE4-A77C-492D-B03A-05CF56B57514}"
EndProject
Project("{9A19103F-16F7-4668-BE54-9A1E7A4F7556}") = "MyBudget.Application", "Core\MyBudget.Application\MyBudget.Application.csproj", "{52D8BCB7-CB52-4125-B25E-A26E570F027F}"
EndProject
Project("{2150E333-8FDC-42A3-9474-1A3956D46DE8}") = "Solution Items", "Solution Items", "{485386AE-6EC8-4E47-8CD4-3410D528DBD8}"
	ProjectSection(SolutionItems) = preProject
		.editorconfig = .editorconfig
	EndProjectSection
EndProject
Project("{2150E333-8FDC-42A3-9474-1A3956D46DE8}") = "Core", "Core", "{08045D5E-9FD0-49E1-B4AD-A55566B5ACA9}"
EndProject
Project("{9A19103F-16F7-4668-BE54-9A1E7A4F7556}") = "MyBudget.Domain", "Core\MyBudget.Domain\MyBudget.Domain.csproj", "{68A0A93C-D93A-4F02-A046-025EEAB3B4DC}"
EndProject
Project("{9A19103F-16F7-4668-BE54-9A1E7A4F7556}") = "MyBudget.Infrastructure", "Core\MyBudget.Infrastructure\MyBudget.Infrastructure.csproj", "{DB23D05D-3E78-4B79-9200-A94122DB76CD}"
EndProject
Project("{9A19103F-16F7-4668-BE54-9A1E7A4F7556}") = "MyBudget.SharedKernel", "MyBudget.SharedKernel\MyBudget.SharedKernel.csproj", "{46C76DE1-19C6-4A3E-96FA-136BD7EA1763}"
EndProject
Global
	GlobalSection(SolutionConfigurationPlatforms) = preSolution
		Debug|Any CPU = Debug|Any CPU
		Release|Any CPU = Release|Any CPU
	EndGlobalSection
	GlobalSection(ProjectConfigurationPlatforms) = postSolution
		{7A87EAD3-F2DD-466C-92E4-04896116A6BD}.Debug|Any CPU.ActiveCfg = Debug|Any CPU
		{7A87EAD3-F2DD-466C-92E4-04896116A6BD}.Debug|Any CPU.Build.0 = Debug|Any CPU
		{7A87EAD3-F2DD-466C-92E4-04896116A6BD}.Release|Any CPU.ActiveCfg = Release|Any CPU
		{7A87EAD3-F2DD-466C-92E4-04896116A6BD}.Release|Any CPU.Build.0 = Release|Any CPU
		{1D950CE4-A77C-492D-B03A-05CF56B57514}.Debug|Any CPU.ActiveCfg = Debug|Any CPU
		{1D950CE4-A77C-492D-B03A-05CF56B57514}.Debug|Any CPU.Build.0 = Debug|Any CPU
		{1D950CE4-A77C-492D-B03A-05CF56B57514}.Release|Any CPU.ActiveCfg = Release|Any CPU
		{1D950CE4-A77C-492D-B03A-05CF56B57514}.Release|Any CPU.Build.0 = Release|Any CPU
		{52D8BCB7-CB52-4125-B25E-A26E570F027F}.Debug|Any CPU.ActiveCfg = Debug|Any CPU
		{52D8BCB7-CB52-4125-B25E-A26E570F027F}.Debug|Any CPU.Build.0 = Debug|Any CPU
		{52D8BCB7-CB52-4125-B25E-A26E570F027F}.Release|Any CPU.ActiveCfg = Release|Any CPU
		{52D8BCB7-CB52-4125-B25E-A26E570F027F}.Release|Any CPU.Build.0 = Release|Any CPU
		{68A0A93C-D93A-4F02-A046-025EEAB3B4DC}.Debug|Any CPU.ActiveCfg = Debug|Any CPU
		{68A0A93C-D93A-4F02-A046-025EEAB3B4DC}.Debug|Any CPU.Build.0 = Debug|Any CPU
		{68A0A93C-D93A-4F02-A046-025EEAB3B4DC}.Release|Any CPU.ActiveCfg = Release|Any CPU
		{68A0A93C-D93A-4F02-A046-025EEAB3B4DC}.Release|Any CPU.Build.0 = Release|Any CPU
		{DB23D05D-3E78-4B79-9200-A94122DB76CD}.Debug|Any CPU.ActiveCfg = Debug|Any CPU
		{DB23D05D-3E78-4B79-9200-A94122DB76CD}.Debug|Any CPU.Build.0 = Debug|Any CPU
		{DB23D05D-3E78-4B79-9200-A94122DB76CD}.Release|Any CPU.ActiveCfg = Release|Any CPU
		{DB23D05D-3E78-4B79-9200-A94122DB76CD}.Release|Any CPU.Build.0 = Release|Any CPU
		{46C76DE1-19C6-4A3E-96FA-136BD7EA1763}.Debug|Any CPU.ActiveCfg = Debug|Any CPU
		{46C76DE1-19C6-4A3E-96FA-136BD7EA1763}.Debug|Any CPU.Build.0 = Debug|Any CPU
		{46C76DE1-19C6-4A3E-96FA-136BD7EA1763}.Release|Any CPU.ActiveCfg = Release|Any CPU
		{46C76DE1-19C6-4A3E-96FA-136BD7EA1763}.Release|Any CPU.Build.0 = Release|Any CPU
	EndGlobalSection
	GlobalSection(SolutionProperties) = preSolution
		HideSolutionNode = FALSE
	EndGlobalSection
	GlobalSection(NestedProjects) = preSolution
		{52D8BCB7-CB52-4125-B25E-A26E570F027F} = {08045D5E-9FD0-49E1-B4AD-A55566B5ACA9}
		{68A0A93C-D93A-4F02-A046-025EEAB3B4DC} = {08045D5E-9FD0-49E1-B4AD-A55566B5ACA9}
		{DB23D05D-3E78-4B79-9200-A94122DB76CD} = {08045D5E-9FD0-49E1-B4AD-A55566B5ACA9}
	EndGlobalSection
	GlobalSection(ExtensibilityGlobals) = postSolution
		SolutionGuid = {DD2D0AFF-BCA3-49E2-BDDF-5844D43845BB}
	EndGlobalSection
EndGlobal
